{
  "name": "super-baracle",
  "lockfileVersion": 2,
  "requires": true,
  "packages": {
    "": {
      "dependencies": {
        "@jsjoeio/streak-counter": "^0.0.4"
      }
    },
    "node_modules/@jsjoeio/streak-counter": {
      "version": "0.0.4",
      "resolved": "https://registry.npmjs.org/@jsjoeio/streak-counter/-/streak-counter-0.0.4.tgz",
      "integrity": "sha512-GH/HFS/aFDNyMwwa8WYhJ600SWatKS8ksBdvRqOgft3Lu481lhI8gTUp2VrjvZxHVRs8bCt9F6FdeFlbotJOZg=="
    }
  },
  "dependencies": {
    "@jsjoeio/streak-counter": {
      "version": "0.0.4",
      "resolved": "https://registry.npmjs.org/@jsjoeio/streak-counter/-/streak-counter-0.0.4.tgz",
      "integrity": "sha512-GH/HFS/aFDNyMwwa8WYhJ600SWatKS8ksBdvRqOgft3Lu481lhI8gTUp2VrjvZxHVRs8bCt9F6FdeFlbotJOZg=="
    }
  }
}
